// !$*UTF8*$!
{
	archiveVersion = 1;
	classes = {
	};
	objectVersion = 56;
	objects = {

/* Begin PBXBuildFile section */
		D27066DC2CF8E0E600133396 /* BookHome.swift in Sources */ = {isa = PBXBuildFile; fileRef = D27066DB2CF8E0E600133396 /* BookHome.swift */; };
		D27066DF2CF8E1EA00133396 /* DashboardHome.swift in Sources */ = {isa = PBXBuildFile; fileRef = D27066DE2CF8E1EA00133396 /* DashboardHome.swift */; };
		D27066E12CF8E2D400133396 /* BookRow.swift in Sources */ = {isa = PBXBuildFile; fileRef = D27066E02CF8E2D400133396 /* BookRow.swift */; };
		D27066E42CF8ECAF00133396 /* Book.swift in Sources */ = {isa = PBXBuildFile; fileRef = D27066E32CF8ECAF00133396 /* Book.swift */; };
		D27066E62CF8ED2400133396 /* ModelData.swift in Sources */ = {isa = PBXBuildFile; fileRef = D27066E52CF8ED2400133396 /* ModelData.swift */; };
		D27066E92CF8EDE400133396 /* BookDetail.swift in Sources */ = {isa = PBXBuildFile; fileRef = D27066E82CF8EDE400133396 /* BookDetail.swift */; };
		D27066EB2CF8F5ED00133396 /* MainTab.swift in Sources */ = {isa = PBXBuildFile; fileRef = D27066EA2CF8F5ED00133396 /* MainTab.swift */; };
		D27066EE2CF8F76400133396 /* Labels.swift in Sources */ = {isa = PBXBuildFile; fileRef = D27066ED2CF8F76400133396 /* Labels.swift */; };
		D27066F02CF8FE9C00133396 /* Texts.swift in Sources */ = {isa = PBXBuildFile; fileRef = D27066EF2CF8FE9C00133396 /* Texts.swift */; };
		D27066F22CF8FF0700133396 /* BookItem.swift in Sources */ = {isa = PBXBuildFile; fileRef = D27066F12CF8FF0700133396 /* BookItem.swift */; };
		D2D8DDD42CFB27DB004A6E0F /* ProfileHost.swift in Sources */ = {isa = PBXBuildFile; fileRef = D2D8DDD32CFB27DB004A6E0F /* ProfileHost.swift */; };
		D2D8DDD62CFB27F6004A6E0F /* ProfileSummary.swift in Sources */ = {isa = PBXBuildFile; fileRef = D2D8DDD52CFB27F6004A6E0F /* ProfileSummary.swift */; };
		D2D8DDD82CFB2810004A6E0F /* Profile.swift in Sources */ = {isa = PBXBuildFile; fileRef = D2D8DDD72CFB2810004A6E0F /* Profile.swift */; };
		D2D8DDDB2CFB33E9004A6E0F /* FindBooksHome.swift in Sources */ = {isa = PBXBuildFile; fileRef = D2D8DDDA2CFB33E9004A6E0F /* FindBooksHome.swift */; };
		D2F4F64C2CF8B227008749AD /* BookShelf.swift in Sources */ = {isa = PBXBuildFile; fileRef = D2F4F64B2CF8B227008749AD /* BookShelf.swift */; };
		D2F4F64E2CF8B227008749AD /* ContentView.swift in Sources */ = {isa = PBXBuildFile; fileRef = D2F4F64D2CF8B227008749AD /* ContentView.swift */; };
		D2F4F6502CF8B228008749AD /* Assets.xcassets in Resources */ = {isa = PBXBuildFile; fileRef = D2F4F64F2CF8B228008749AD /* Assets.xcassets */; };
		D2F4F6532CF8B228008749AD /* Preview Assets.xcassets in Resources */ = {isa = PBXBuildFile; fileRef = D2F4F6522CF8B228008749AD /* Preview Assets.xcassets */; };
/* End PBXBuildFile section */

/* Begin PBXFileReference section */
		D27066DB2CF8E0E600133396 /* BookHome.swift */ = {isa = PBXFileReference; lastKnownFileType = sourcecode.swift; path = BookHome.swift; sourceTree = "<group>"; };
		D27066DE2CF8E1EA00133396 /* DashboardHome.swift */ = {isa = PBXFileReference; lastKnownFileType = sourcecode.swift; path = DashboardHome.swift; sourceTree = "<group>"; };
		D27066E02CF8E2D400133396 /* BookRow.swift */ = {isa = PBXFileReference; lastKnownFileType = sourcecode.swift; path = BookRow.swift; sourceTree = "<group>"; };
		D27066E32CF8ECAF00133396 /* Book.swift */ = {isa = PBXFileReference; lastKnownFileType = sourcecode.swift; path = Book.swift; sourceTree = "<group>"; };
		D27066E52CF8ED2400133396 /* ModelData.swift */ = {isa = PBXFileReference; lastKnownFileType = sourcecode.swift; path = ModelData.swift; sourceTree = "<group>"; };
		D27066E82CF8EDE400133396 /* BookDetail.swift */ = {isa = PBXFileReference; lastKnownFileType = sourcecode.swift; path = BookDetail.swift; sourceTree = "<group>"; };
		D27066EA2CF8F5ED00133396 /* MainTab.swift */ = {isa = PBXFileReference; lastKnownFileType = sourcecode.swift; path = MainTab.swift; sourceTree = "<group>"; };
		D27066ED2CF8F76400133396 /* Labels.swift */ = {isa = PBXFileReference; lastKnownFileType = sourcecode.swift; path = Labels.swift; sourceTree = "<group>"; };
		D27066EF2CF8FE9C00133396 /* Texts.swift */ = {isa = PBXFileReference; lastKnownFileType = sourcecode.swift; path = Texts.swift; sourceTree = "<group>"; };
		D27066F12CF8FF0700133396 /* BookItem.swift */ = {isa = PBXFileReference; lastKnownFileType = sourcecode.swift; path = BookItem.swift; sourceTree = "<group>"; };
		D2D8DDD32CFB27DB004A6E0F /* ProfileHost.swift */ = {isa = PBXFileReference; lastKnownFileType = sourcecode.swift; path = ProfileHost.swift; sourceTree = "<group>"; };
		D2D8DDD52CFB27F6004A6E0F /* ProfileSummary.swift */ = {isa = PBXFileReference; lastKnownFileType = sourcecode.swift; path = ProfileSummary.swift; sourceTree = "<group>"; };
		D2D8DDD72CFB2810004A6E0F /* Profile.swift */ = {isa = PBXFileReference; lastKnownFileType = sourcecode.swift; path = Profile.swift; sourceTree = "<group>"; };
		D2D8DDDA2CFB33E9004A6E0F /* FindBooksHome.swift */ = {isa = PBXFileReference; lastKnownFileType = sourcecode.swift; path = FindBooksHome.swift; sourceTree = "<group>"; };
		D2F4F6482CF8B227008749AD /* book-shelf.app */ = {isa = PBXFileReference; explicitFileType = wrapper.application; includeInIndex = 0; path = "book-shelf.app"; sourceTree = BUILT_PRODUCTS_DIR; };
		D2F4F64B2CF8B227008749AD /* BookShelf.swift */ = {isa = PBXFileReference; lastKnownFileType = sourcecode.swift; path = BookShelf.swift; sourceTree = "<group>"; };
		D2F4F64D2CF8B227008749AD /* ContentView.swift */ = {isa = PBXFileReference; lastKnownFileType = sourcecode.swift; path = ContentView.swift; sourceTree = "<group>"; };
		D2F4F64F2CF8B228008749AD /* Assets.xcassets */ = {isa = PBXFileReference; lastKnownFileType = folder.assetcatalog; path = Assets.xcassets; sourceTree = "<group>"; };
		D2F4F6522CF8B228008749AD /* Preview Assets.xcassets */ = {isa = PBXFileReference; lastKnownFileType = folder.assetcatalog; path = "Preview Assets.xcassets"; sourceTree = "<group>"; };
/* End PBXFileReference section */

/* Begin PBXFrameworksBuildPhase section */
		D2F4F6452CF8B227008749AD /* Frameworks */ = {
			isa = PBXFrameworksBuildPhase;
			buildActionMask = 2147483647;
			files = (
			);
			runOnlyForDeploymentPostprocessing = 0;
		};
/* End PBXFrameworksBuildPhase section */

/* Begin PBXGroup section */
		D27066DA2CF8E0CB00133396 /* Books */ = {
			isa = PBXGroup;
			children = (
				D27066DB2CF8E0E600133396 /* BookHome.swift */,
				D27066E02CF8E2D400133396 /* BookRow.swift */,
				D27066F12CF8FF0700133396 /* BookItem.swift */,
			);
			path = Books;
			sourceTree = "<group>";
		};
		D27066DD2CF8E1DB00133396 /* Dashboard */ = {
			isa = PBXGroup;
			children = (
				D27066DE2CF8E1EA00133396 /* DashboardHome.swift */,
			);
			path = Dashboard;
			sourceTree = "<group>";
		};
		D27066E22CF8ECA000133396 /* Models */ = {
			isa = PBXGroup;
			children = (
				D27066E32CF8ECAF00133396 /* Book.swift */,
				D27066E52CF8ED2400133396 /* ModelData.swift */,
				D2D8DDD72CFB2810004A6E0F /* Profile.swift */,
			);
			path = Models;
			sourceTree = "<group>";
		};
		D27066E72CF8EDD700133396 /* Views */ = {
			isa = PBXGroup;
			children = (
				D27066E82CF8EDE400133396 /* BookDetail.swift */,
			);
			path = Views;
			sourceTree = "<group>";
		};
		D27066EC2CF8F75400133396 /* Consts */ = {
			isa = PBXGroup;
			children = (
				D27066ED2CF8F76400133396 /* Labels.swift */,
				D27066EF2CF8FE9C00133396 /* Texts.swift */,
			);
			path = Consts;
			sourceTree = "<group>";
		};
		D2D8DDD22CFB27C5004A6E0F /* Profiles */ = {
			isa = PBXGroup;
			children = (
				D2D8DDD32CFB27DB004A6E0F /* ProfileHost.swift */,
				D2D8DDD52CFB27F6004A6E0F /* ProfileSummary.swift */,
			);
			path = Profiles;
			sourceTree = "<group>";
		};
		D2D8DDD92CFB33C8004A6E0F /* FindBooks */ = {
			isa = PBXGroup;
			children = (
				D2D8DDDA2CFB33E9004A6E0F /* FindBooksHome.swift */,
			);
			path = FindBooks;
			sourceTree = "<group>";
		};
		D2F4F63F2CF8B227008749AD = {
			isa = PBXGroup;
			children = (
				D2F4F64A2CF8B227008749AD /* book-shelf */,
				D2F4F6492CF8B227008749AD /* Products */,
			);
			sourceTree = "<group>";
		};
		D2F4F6492CF8B227008749AD /* Products */ = {
			isa = PBXGroup;
			children = (
				D2F4F6482CF8B227008749AD /* book-shelf.app */,
			);
			name = Products;
			sourceTree = "<group>";
		};
		D2F4F64A2CF8B227008749AD /* book-shelf */ = {
			isa = PBXGroup;
			children = (
				D2D8DDD92CFB33C8004A6E0F /* FindBooks */,
				D2D8DDD22CFB27C5004A6E0F /* Profiles */,
				D27066EC2CF8F75400133396 /* Consts */,
				D27066EA2CF8F5ED00133396 /* MainTab.swift */,
				D27066E72CF8EDD700133396 /* Views */,
				D27066E22CF8ECA000133396 /* Models */,
				D27066DD2CF8E1DB00133396 /* Dashboard */,
				D27066DA2CF8E0CB00133396 /* Books */,
				D2F4F64B2CF8B227008749AD /* BookShelf.swift */,
				D2F4F64D2CF8B227008749AD /* ContentView.swift */,
				D2F4F64F2CF8B228008749AD /* Assets.xcassets */,
				D2F4F6512CF8B228008749AD /* Preview Content */,
			);
			path = "book-shelf";
			sourceTree = "<group>";
		};
		D2F4F6512CF8B228008749AD /* Preview Content */ = {
			isa = PBXGroup;
			children = (
				D2F4F6522CF8B228008749AD /* Preview Assets.xcassets */,
			);
			path = "Preview Content";
			sourceTree = "<group>";
		};
/* End PBXGroup section */

/* Begin PBXNativeTarget section */
		D2F4F6472CF8B227008749AD /* book-shelf */ = {
			isa = PBXNativeTarget;
			buildConfigurationList = D2F4F6562CF8B228008749AD /* Build configuration list for PBXNativeTarget "book-shelf" */;
			buildPhases = (
				D2F4F6442CF8B227008749AD /* Sources */,
				D2F4F6452CF8B227008749AD /* Frameworks */,
				D2F4F6462CF8B227008749AD /* Resources */,
			);
			buildRules = (
			);
			dependencies = (
			);
			name = "book-shelf";
			productName = "book-shelf";
			productReference = D2F4F6482CF8B227008749AD /* book-shelf.app */;
			productType = "com.apple.product-type.application";
		};
/* End PBXNativeTarget section */

/* Begin PBXProject section */
		D2F4F6402CF8B227008749AD /* Project object */ = {
			isa = PBXProject;
			attributes = {
				BuildIndependentTargetsInParallel = 1;
				LastSwiftUpdateCheck = 1500;
				LastUpgradeCheck = 1500;
				TargetAttributes = {
					D2F4F6472CF8B227008749AD = {
						CreatedOnToolsVersion = 15.0.1;
					};
				};
			};
			buildConfigurationList = D2F4F6432CF8B227008749AD /* Build configuration list for PBXProject "book-shelf" */;
			compatibilityVersion = "Xcode 14.0";
			developmentRegion = en;
			hasScannedForEncodings = 0;
			knownRegions = (
				en,
				Base,
			);
			mainGroup = D2F4F63F2CF8B227008749AD;
			productRefGroup = D2F4F6492CF8B227008749AD /* Products */;
			projectDirPath = "";
			projectRoot = "";
			targets = (
				D2F4F6472CF8B227008749AD /* book-shelf */,
			);
		};
/* End PBXProject section */

/* Begin PBXResourcesBuildPhase section */
		D2F4F6462CF8B227008749AD /* Resources */ = {
			isa = PBXResourcesBuildPhase;
			buildActionMask = 2147483647;
			files = (
				D2F4F6532CF8B228008749AD /* Preview Assets.xcassets in Resources */,
				D2F4F6502CF8B228008749AD /* Assets.xcassets in Resources */,
			);
			runOnlyForDeploymentPostprocessing = 0;
		};
/* End PBXResourcesBuildPhase section */

/* Begin PBXSourcesBuildPhase section */
		D2F4F6442CF8B227008749AD /* Sources */ = {
			isa = PBXSourcesBuildPhase;
			buildActionMask = 2147483647;
			files = (
				D27066DC2CF8E0E600133396 /* BookHome.swift in Sources */,
				D2D8DDD82CFB2810004A6E0F /* Profile.swift in Sources */,
				D27066E92CF8EDE400133396 /* BookDetail.swift in Sources */,
				D2D8DDD62CFB27F6004A6E0F /* ProfileSummary.swift in Sources */,
				D27066F02CF8FE9C00133396 /* Texts.swift in Sources */,
				D27066E12CF8E2D400133396 /* BookRow.swift in Sources */,
				D27066E42CF8ECAF00133396 /* Book.swift in Sources */,
				D2D8DDD42CFB27DB004A6E0F /* ProfileHost.swift in Sources */,
				D27066EB2CF8F5ED00133396 /* MainTab.swift in Sources */,
				D2F4F64E2CF8B227008749AD /* ContentView.swift in Sources */,
				D2D8DDDB2CFB33E9004A6E0F /* FindBooksHome.swift in Sources */,
				D27066F22CF8FF0700133396 /* BookItem.swift in Sources */,
				D27066EE2CF8F76400133396 /* Labels.swift in Sources */,
				D2F4F64C2CF8B227008749AD /* BookShelf.swift in Sources */,
				D27066DF2CF8E1EA00133396 /* DashboardHome.swift in Sources */,
				D27066E62CF8ED2400133396 /* ModelData.swift in Sources */,
			);
			runOnlyForDeploymentPostprocessing = 0;
		};
/* End PBXSourcesBuildPhase section */

/* Begin XCBuildConfiguration section */
		D2F4F6542CF8B228008749AD /* Debug */ = {
			isa = XCBuildConfiguration;
			buildSettings = {
				ALWAYS_SEARCH_USER_PATHS = NO;
				ASSETCATALOG_COMPILER_GENERATE_SWIFT_ASSET_SYMBOL_EXTENSIONS = YES;
				CLANG_ANALYZER_NONNULL = YES;
				CLANG_ANALYZER_NUMBER_OBJECT_CONVERSION = YES_AGGRESSIVE;
				CLANG_CXX_LANGUAGE_STANDARD = "gnu++20";
				CLANG_ENABLE_MODULES = YES;
				CLANG_ENABLE_OBJC_ARC = YES;
				CLANG_ENABLE_OBJC_WEAK = YES;
				CLANG_WARN_BLOCK_CAPTURE_AUTORELEASING = YES;
				CLANG_WARN_BOOL_CONVERSION = YES;
				CLANG_WARN_COMMA = YES;
				CLANG_WARN_CONSTANT_CONVERSION = YES;
				CLANG_WARN_DEPRECATED_OBJC_IMPLEMENTATIONS = YES;
				CLANG_WARN_DIRECT_OBJC_ISA_USAGE = YES_ERROR;
				CLANG_WARN_DOCUMENTATION_COMMENTS = YES;
				CLANG_WARN_EMPTY_BODY = YES;
				CLANG_WARN_ENUM_CONVERSION = YES;
				CLANG_WARN_INFINITE_RECURSION = YES;
				CLANG_WARN_INT_CONVERSION = YES;
				CLANG_WARN_NON_LITERAL_NULL_CONVERSION = YES;
				CLANG_WARN_OBJC_IMPLICIT_RETAIN_SELF = YES;
				CLANG_WARN_OBJC_LITERAL_CONVERSION = YES;
				CLANG_WARN_OBJC_ROOT_CLASS = YES_ERROR;
				CLANG_WARN_QUOTED_INCLUDE_IN_FRAMEWORK_HEADER = YES;
				CLANG_WARN_RANGE_LOOP_ANALYSIS = YES;
				CLANG_WARN_STRICT_PROTOTYPES = YES;
				CLANG_WARN_SUSPICIOUS_MOVE = YES;
				CLANG_WARN_UNGUARDED_AVAILABILITY = YES_AGGRESSIVE;
				CLANG_WARN_UNREACHABLE_CODE = YES;
				CLANG_WARN__DUPLICATE_METHOD_MATCH = YES;
				COPY_PHASE_STRIP = NO;
				DEBUG_INFORMATION_FORMAT = dwarf;
				ENABLE_STRICT_OBJC_MSGSEND = YES;
				ENABLE_TESTABILITY = YES;
				ENABLE_USER_SCRIPT_SANDBOXING = YES;
				GCC_C_LANGUAGE_STANDARD = gnu17;
				GCC_DYNAMIC_NO_PIC = NO;
				GCC_NO_COMMON_BLOCKS = YES;
				GCC_OPTIMIZATION_LEVEL = 0;
				GCC_PREPROCESSOR_DEFINITIONS = (
					"DEBUG=1",
					"$(inherited)",
				);
				GCC_WARN_64_TO_32_BIT_CONVERSION = YES;
				GCC_WARN_ABOUT_RETURN_TYPE = YES_ERROR;
				GCC_WARN_UNDECLARED_SELECTOR = YES;
				GCC_WARN_UNINITIALIZED_AUTOS = YES_AGGRESSIVE;
				GCC_WARN_UNUSED_FUNCTION = YES;
				GCC_WARN_UNUSED_VARIABLE = YES;
				IPHONEOS_DEPLOYMENT_TARGET = 17.0;
				LOCALIZATION_PREFERS_STRING_CATALOGS = YES;
				MTL_ENABLE_DEBUG_INFO = INCLUDE_SOURCE;
				MTL_FAST_MATH = YES;
				ONLY_ACTIVE_ARCH = YES;
				SDKROOT = iphoneos;
				SWIFT_ACTIVE_COMPILATION_CONDITIONS = "DEBUG $(inherited)";
				SWIFT_OPTIMIZATION_LEVEL = "-Onone";
			};
			name = Debug;
		};
		D2F4F6552CF8B228008749AD /* Release */ = {
			isa = XCBuildConfiguration;
			buildSettings = {
				ALWAYS_SEARCH_USER_PATHS = NO;
				ASSETCATALOG_COMPILER_GENERATE_SWIFT_ASSET_SYMBOL_EXTENSIONS = YES;
				CLANG_ANALYZER_NONNULL = YES;
				CLANG_ANALYZER_NUMBER_OBJECT_CONVERSION = YES_AGGRESSIVE;
				CLANG_CXX_LANGUAGE_STANDARD = "gnu++20";
				CLANG_ENABLE_MODULES = YES;
				CLANG_ENABLE_OBJC_ARC = YES;
				CLANG_ENABLE_OBJC_WEAK = YES;
				CLANG_WARN_BLOCK_CAPTURE_AUTORELEASING = YES;
				CLANG_WARN_BOOL_CONVERSION = YES;
				CLANG_WARN_COMMA = YES;
				CLANG_WARN_CONSTANT_CONVERSION = YES;
				CLANG_WARN_DEPRECATED_OBJC_IMPLEMENTATIONS = YES;
				CLANG_WARN_DIRECT_OBJC_ISA_USAGE = YES_ERROR;
				CLANG_WARN_DOCUMENTATION_COMMENTS = YES;
				CLANG_WARN_EMPTY_BODY = YES;
				CLANG_WARN_ENUM_CONVERSION = YES;
				CLANG_WARN_INFINITE_RECURSION = YES;
				CLANG_WARN_INT_CONVERSION = YES;
				CLANG_WARN_NON_LITERAL_NULL_CONVERSION = YES;
				CLANG_WARN_OBJC_IMPLICIT_RETAIN_SELF = YES;
				CLANG_WARN_OBJC_LITERAL_CONVERSION = YES;
				CLANG_WARN_OBJC_ROOT_CLASS = YES_ERROR;
				CLANG_WARN_QUOTED_INCLUDE_IN_FRAMEWORK_HEADER = YES;
				CLANG_WARN_RANGE_LOOP_ANALYSIS = YES;
				CLANG_WARN_STRICT_PROTOTYPES = YES;
				CLANG_WARN_SUSPICIOUS_MOVE = YES;
				CLANG_WARN_UNGUARDED_AVAILABILITY = YES_AGGRESSIVE;
				CLANG_WARN_UNREACHABLE_CODE = YES;
				CLANG_WARN__DUPLICATE_METHOD_MATCH = YES;
				COPY_PHASE_STRIP = NO;
				DEBUG_INFORMATION_FORMAT = "dwarf-with-dsym";
				ENABLE_NS_ASSERTIONS = NO;
				ENABLE_STRICT_OBJC_MSGSEND = YES;
				ENABLE_USER_SCRIPT_SANDBOXING = YES;
				GCC_C_LANGUAGE_STANDARD = gnu17;
				GCC_NO_COMMON_BLOCKS = YES;
				GCC_WARN_64_TO_32_BIT_CONVERSION = YES;
				GCC_WARN_ABOUT_RETURN_TYPE = YES_ERROR;
				GCC_WARN_UNDECLARED_SELECTOR = YES;
				GCC_WARN_UNINITIALIZED_AUTOS = YES_AGGRESSIVE;
				GCC_WARN_UNUSED_FUNCTION = YES;
				GCC_WARN_UNUSED_VARIABLE = YES;
				IPHONEOS_DEPLOYMENT_TARGET = 17.0;
				LOCALIZATION_PREFERS_STRING_CATALOGS = YES;
				MTL_ENABLE_DEBUG_INFO = NO;
				MTL_FAST_MATH = YES;
				SDKROOT = iphoneos;
				SWIFT_COMPILATION_MODE = wholemodule;
				VALIDATE_PRODUCT = YES;
			};
			name = Release;
		};
		D2F4F6572CF8B228008749AD /* Debug */ = {
			isa = XCBuildConfiguration;
			buildSettings = {
				ASSETCATALOG_COMPILER_APPICON_NAME = AppIcon;
				ASSETCATALOG_COMPILER_GLOBAL_ACCENT_COLOR_NAME = AccentColor;
				CODE_SIGN_STYLE = Automatic;
				CURRENT_PROJECT_VERSION = 1;
				DEVELOPMENT_ASSET_PATHS = "\"book-shelf/Preview Content\"";
				ENABLE_PREVIEWS = YES;
				GENERATE_INFOPLIST_FILE = YES;
				INFOPLIST_KEY_UIApplicationSceneManifest_Generation = YES;
				INFOPLIST_KEY_UIApplicationSupportsIndirectInputEvents = YES;
				INFOPLIST_KEY_UILaunchScreen_Generation = YES;
				INFOPLIST_KEY_UISupportedInterfaceOrientations_iPad = "UIInterfaceOrientationPortrait UIInterfaceOrientationPortraitUpsideDown UIInterfaceOrientationLandscapeLeft UIInterfaceOrientationLandscapeRight";
				INFOPLIST_KEY_UISupportedInterfaceOrientations_iPhone = "UIInterfaceOrientationPortrait UIInterfaceOrientationLandscapeLeft UIInterfaceOrientationLandscapeRight";
				LD_RUNPATH_SEARCH_PATHS = (
					"$(inherited)",
					"@executable_path/Frameworks",
				);
				MARKETING_VERSION = 1.0;
				PRODUCT_BUNDLE_IDENTIFIER = "com.book-shelf";
				PRODUCT_NAME = "$(TARGET_NAME)";
				SWIFT_EMIT_LOC_STRINGS = YES;
				SWIFT_VERSION = 5.0;
				TARGETED_DEVICE_FAMILY = "1,2";
			};
			name = Debug;
		};
		D2F4F6582CF8B228008749AD /* Release */ = {
			isa = XCBuildConfiguration;
			buildSettings = {
				ASSETCATALOG_COMPILER_APPICON_NAME = AppIcon;
				ASSETCATALOG_COMPILER_GLOBAL_ACCENT_COLOR_NAME = AccentColor;
				CODE_SIGN_STYLE = Automatic;
				CURRENT_PROJECT_VERSION = 1;
				DEVELOPMENT_ASSET_PATHS = "\"book-shelf/Preview Content\"";
				ENABLE_PREVIEWS = YES;
				GENERATE_INFOPLIST_FILE = YES;
				INFOPLIST_KEY_UIApplicationSceneManifest_Generation = YES;
				INFOPLIST_KEY_UIApplicationSupportsIndirectInputEvents = YES;
				INFOPLIST_KEY_UILaunchScreen_Generation = YES;
				INFOPLIST_KEY_UISupportedInterfaceOrientations_iPad = "UIInterfaceOrientationPortrait UIInterfaceOrientationPortraitUpsideDown UIInterfaceOrientationLandscapeLeft UIInterfaceOrientationLandscapeRight";
				INFOPLIST_KEY_UISupportedInterfaceOrientations_iPhone = "UIInterfaceOrientationPortrait UIInterfaceOrientationLandscapeLeft UIInterfaceOrientationLandscapeRight";
				LD_RUNPATH_SEARCH_PATHS = (
					"$(inherited)",
					"@executable_path/Frameworks",
				);
				MARKETING_VERSION = 1.0;
				PRODUCT_BUNDLE_IDENTIFIER = "com.book-shelf";
				PRODUCT_NAME = "$(TARGET_NAME)";
				SWIFT_EMIT_LOC_STRINGS = YES;
				SWIFT_VERSION = 5.0;
				TARGETED_DEVICE_FAMILY = "1,2";
			};
			name = Release;
		};
/* End XCBuildConfiguration section */

/* Begin XCConfigurationList section */
		D2F4F6432CF8B227008749AD /* Build configuration list for PBXProject "book-shelf" */ = {
			isa = XCConfigurationList;
			buildConfigurations = (
				D2F4F6542CF8B228008749AD /* Debug */,
				D2F4F6552CF8B228008749AD /* Release */,
			);
			defaultConfigurationIsVisible = 0;
			defaultConfigurationName = Release;
		};
		D2F4F6562CF8B228008749AD /* Build configuration list for PBXNativeTarget "book-shelf" */ = {
			isa = XCConfigurationList;
			buildConfigurations = (
				D2F4F6572CF8B228008749AD /* Debug */,
				D2F4F6582CF8B228008749AD /* Release */,
			);
			defaultConfigurationIsVisible = 0;
			defaultConfigurationName = Release;
		};
/* End XCConfigurationList section */
	};
	rootObject = D2F4F6402CF8B227008749AD /* Project object */;
}
